// !$*UTF8*$!
{
	archiveVersion = 1;
	classes = {
	};
	objectVersion = 56;
	objects = {

/* Begin PBXBuildFile section */
		028E0D422967A52D00DBA562 /* DetailViewController.swift in Sources */ = {isa = PBXBuildFile; fileRef = 028E0D412967A52D00DBA562 /* DetailViewController.swift */; };
		02CA77DC2964D42D0068606B /* AppDelegate.swift in Sources */ = {isa = PBXBuildFile; fileRef = 02CA77DB2964D42D0068606B /* AppDelegate.swift */; };
		02CA77DE2964D42E0068606B /* SceneDelegate.swift in Sources */ = {isa = PBXBuildFile; fileRef = 02CA77DD2964D42E0068606B /* SceneDelegate.swift */; };
		02CA77E32964D42E0068606B /* Main.storyboard in Resources */ = {isa = PBXBuildFile; fileRef = 02CA77E12964D42E0068606B /* Main.storyboard */; };
		02CA77E62964D42E0068606B /* PokemonTestXcaret.xcdatamodeld in Sources */ = {isa = PBXBuildFile; fileRef = 02CA77E42964D42E0068606B /* PokemonTestXcaret.xcdatamodeld */; };
		02CA77E82964D4300068606B /* Assets.xcassets in Resources */ = {isa = PBXBuildFile; fileRef = 02CA77E72964D4300068606B /* Assets.xcassets */; };
		02CA77EB2964D4300068606B /* LaunchScreen.storyboard in Resources */ = {isa = PBXBuildFile; fileRef = 02CA77E92964D4300068606B /* LaunchScreen.storyboard */; };
		02CA77F62964D4300068606B /* PokemonTestXcaretTests.swift in Sources */ = {isa = PBXBuildFile; fileRef = 02CA77F52964D4300068606B /* PokemonTestXcaretTests.swift */; };
		02CA78002964D4300068606B /* PokemonTestXcaretUITests.swift in Sources */ = {isa = PBXBuildFile; fileRef = 02CA77FF2964D4300068606B /* PokemonTestXcaretUITests.swift */; };
		02CA78022964D4300068606B /* PokemonTestXcaretUITestsLaunchTests.swift in Sources */ = {isa = PBXBuildFile; fileRef = 02CA78012964D4300068606B /* PokemonTestXcaretUITestsLaunchTests.swift */; };
		02CA78132964D54B0068606B /* pokemonPage.swift in Sources */ = {isa = PBXBuildFile; fileRef = 02CA78122964D54B0068606B /* pokemonPage.swift */; };
		02CA78162964D7BF0068606B /* LogInViewController.swift in Sources */ = {isa = PBXBuildFile; fileRef = 02CA78152964D7BF0068606B /* LogInViewController.swift */; };
		02CA78182964DB6D0068606B /* GoogleService-Info.plist in Resources */ = {isa = PBXBuildFile; fileRef = 02CA78172964DB6D0068606B /* GoogleService-Info.plist */; };
		02CA78272964E1B90068606B /* HexColor.swift in Sources */ = {isa = PBXBuildFile; fileRef = 02CA78262964E1B90068606B /* HexColor.swift */; };
		02CA7829296517C80068606B /* utilities.swift in Sources */ = {isa = PBXBuildFile; fileRef = 02CA7828296517C80068606B /* utilities.swift */; };
		02CA782B296518EA0068606B /* SignUpViewController.swift in Sources */ = {isa = PBXBuildFile; fileRef = 02CA782A296518EA0068606B /* SignUpViewController.swift */; };
		02CA782D29651D470068606B /* pokemonViewModel.swift in Sources */ = {isa = PBXBuildFile; fileRef = 02CA782C29651D470068606B /* pokemonViewModel.swift */; };
		02CA7830296607040068606B /* ListPokemonViewController.swift in Sources */ = {isa = PBXBuildFile; fileRef = 02CA782F296607040068606B /* ListPokemonViewController.swift */; };
		02CA783229664A9B0068606B /* ListPokemonViewCell.swift in Sources */ = {isa = PBXBuildFile; fileRef = 02CA783129664A9B0068606B /* ListPokemonViewCell.swift */; };
		02CA78342966606D0068606B /* NetworkError.swift in Sources */ = {isa = PBXBuildFile; fileRef = 02CA78332966606D0068606B /* NetworkError.swift */; };
		02CA7836296660A20068606B /* NetworkParams.swift in Sources */ = {isa = PBXBuildFile; fileRef = 02CA7835296660A20068606B /* NetworkParams.swift */; };
		02CA7838296660F60068606B /* NetworkManager.swift in Sources */ = {isa = PBXBuildFile; fileRef = 02CA7837296660F60068606B /* NetworkManager.swift */; };
		02CA783A296661D40068606B /* Session.swift in Sources */ = {isa = PBXBuildFile; fileRef = 02CA7839296661D40068606B /* Session.swift */; };
		02CA783C2966625A0068606B /* DatabaseManager.swift in Sources */ = {isa = PBXBuildFile; fileRef = 02CA783B2966625A0068606B /* DatabaseManager.swift */; };
		02CA784029674A230068606B /* Color.swift in Sources */ = {isa = PBXBuildFile; fileRef = 02CA783F29674A230068606B /* Color.swift */; };
		02CA784229674EDF0068606B /* ImageCache.swift in Sources */ = {isa = PBXBuildFile; fileRef = 02CA784129674EDF0068606B /* ImageCache.swift */; };
		02CA78442967579A0068606B /* UIViewExtension.swift in Sources */ = {isa = PBXBuildFile; fileRef = 02CA78432967579A0068606B /* UIViewExtension.swift */; };
		02CA7847296780A20068606B /* PokemonDetailCViewCell.swift in Sources */ = {isa = PBXBuildFile; fileRef = 02CA7846296780A20068606B /* PokemonDetailCViewCell.swift */; };
		6D0BB5DB0324B8A2D1D615AC /* Pods_PokemonTestXcaretTests.framework in Frameworks */ = {isa = PBXBuildFile; fileRef = 95FBB311C1CB6BE899E9F2FF /* Pods_PokemonTestXcaretTests.framework */; };
		AB3E8CFD48A93B88BD4FFE8C /* Pods_PokemonTestXcaret_PokemonTestXcaretUITests.framework in Frameworks */ = {isa = PBXBuildFile; fileRef = E18311CA5AC46B1C17BA3994 /* Pods_PokemonTestXcaret_PokemonTestXcaretUITests.framework */; };
		B7439E7D91BA680B2CA0816C /* Pods_PokemonTestXcaret.framework in Frameworks */ = {isa = PBXBuildFile; fileRef = 5848CF2CC1AD4C8DA3D0922E /* Pods_PokemonTestXcaret.framework */; };
/* End PBXBuildFile section */

/* Begin PBXContainerItemProxy section */
		02CA77F22964D4300068606B /* PBXContainerItemProxy */ = {
			isa = PBXContainerItemProxy;
			containerPortal = 02CA77D02964D42D0068606B /* Project object */;
			proxyType = 1;
			remoteGlobalIDString = 02CA77D72964D42D0068606B;
			remoteInfo = PokemonTestXcaret;
		};
		02CA77FC2964D4300068606B /* PBXContainerItemProxy */ = {
			isa = PBXContainerItemProxy;
			containerPortal = 02CA77D02964D42D0068606B /* Project object */;
			proxyType = 1;
			remoteGlobalIDString = 02CA77D72964D42D0068606B;
			remoteInfo = PokemonTestXcaret;
		};
/* End PBXContainerItemProxy section */

/* Begin PBXFileReference section */
		028E0D412967A52D00DBA562 /* DetailViewController.swift */ = {isa = PBXFileReference; lastKnownFileType = sourcecode.swift; path = DetailViewController.swift; sourceTree = "<group>"; };
		02CA77D82964D42D0068606B /* PokemonTestXcaret.app */ = {isa = PBXFileReference; explicitFileType = wrapper.application; includeInIndex = 0; path = PokemonTestXcaret.app; sourceTree = BUILT_PRODUCTS_DIR; };
		02CA77DB2964D42D0068606B /* AppDelegate.swift */ = {isa = PBXFileReference; lastKnownFileType = sourcecode.swift; path = AppDelegate.swift; sourceTree = "<group>"; };
		02CA77DD2964D42E0068606B /* SceneDelegate.swift */ = {isa = PBXFileReference; lastKnownFileType = sourcecode.swift; path = SceneDelegate.swift; sourceTree = "<group>"; };
		02CA77E22964D42E0068606B /* Base */ = {isa = PBXFileReference; lastKnownFileType = file.storyboard; name = Base; path = Base.lproj/Main.storyboard; sourceTree = "<group>"; };
		02CA77E52964D42E0068606B /* PokemonTestXcaret.xcdatamodel */ = {isa = PBXFileReference; lastKnownFileType = wrapper.xcdatamodel; path = PokemonTestXcaret.xcdatamodel; sourceTree = "<group>"; };
		02CA77E72964D4300068606B /* Assets.xcassets */ = {isa = PBXFileReference; lastKnownFileType = folder.assetcatalog; path = Assets.xcassets; sourceTree = "<group>"; };
		02CA77EA2964D4300068606B /* Base */ = {isa = PBXFileReference; lastKnownFileType = file.storyboard; name = Base; path = Base.lproj/LaunchScreen.storyboard; sourceTree = "<group>"; };
		02CA77EC2964D4300068606B /* Info.plist */ = {isa = PBXFileReference; lastKnownFileType = text.plist.xml; path = Info.plist; sourceTree = "<group>"; };
		02CA77F12964D4300068606B /* PokemonTestXcaretTests.xctest */ = {isa = PBXFileReference; explicitFileType = wrapper.cfbundle; includeInIndex = 0; path = PokemonTestXcaretTests.xctest; sourceTree = BUILT_PRODUCTS_DIR; };
		02CA77F52964D4300068606B /* PokemonTestXcaretTests.swift */ = {isa = PBXFileReference; lastKnownFileType = sourcecode.swift; path = PokemonTestXcaretTests.swift; sourceTree = "<group>"; };
		02CA77FB2964D4300068606B /* PokemonTestXcaretUITests.xctest */ = {isa = PBXFileReference; explicitFileType = wrapper.cfbundle; includeInIndex = 0; path = PokemonTestXcaretUITests.xctest; sourceTree = BUILT_PRODUCTS_DIR; };
		02CA77FF2964D4300068606B /* PokemonTestXcaretUITests.swift */ = {isa = PBXFileReference; lastKnownFileType = sourcecode.swift; path = PokemonTestXcaretUITests.swift; sourceTree = "<group>"; };
		02CA78012964D4300068606B /* PokemonTestXcaretUITestsLaunchTests.swift */ = {isa = PBXFileReference; lastKnownFileType = sourcecode.swift; path = PokemonTestXcaretUITestsLaunchTests.swift; sourceTree = "<group>"; };
		02CA78122964D54B0068606B /* pokemonPage.swift */ = {isa = PBXFileReference; lastKnownFileType = sourcecode.swift; path = pokemonPage.swift; sourceTree = "<group>"; };
		02CA78152964D7BF0068606B /* LogInViewController.swift */ = {isa = PBXFileReference; lastKnownFileType = sourcecode.swift; path = LogInViewController.swift; sourceTree = "<group>"; };
		02CA78172964DB6D0068606B /* GoogleService-Info.plist */ = {isa = PBXFileReference; fileEncoding = 4; lastKnownFileType = text.plist.xml; path = "GoogleService-Info.plist"; sourceTree = "<group>"; };
		02CA78262964E1B90068606B /* HexColor.swift */ = {isa = PBXFileReference; lastKnownFileType = sourcecode.swift; path = HexColor.swift; sourceTree = "<group>"; };
		02CA7828296517C80068606B /* utilities.swift */ = {isa = PBXFileReference; lastKnownFileType = sourcecode.swift; path = utilities.swift; sourceTree = "<group>"; };
		02CA782A296518EA0068606B /* SignUpViewController.swift */ = {isa = PBXFileReference; lastKnownFileType = sourcecode.swift; path = SignUpViewController.swift; sourceTree = "<group>"; };
		02CA782C29651D470068606B /* pokemonViewModel.swift */ = {isa = PBXFileReference; lastKnownFileType = sourcecode.swift; path = pokemonViewModel.swift; sourceTree = "<group>"; };
		02CA782F296607040068606B /* ListPokemonViewController.swift */ = {isa = PBXFileReference; lastKnownFileType = sourcecode.swift; path = ListPokemonViewController.swift; sourceTree = "<group>"; };
		02CA783129664A9B0068606B /* ListPokemonViewCell.swift */ = {isa = PBXFileReference; lastKnownFileType = sourcecode.swift; path = ListPokemonViewCell.swift; sourceTree = "<group>"; };
		02CA78332966606D0068606B /* NetworkError.swift */ = {isa = PBXFileReference; lastKnownFileType = sourcecode.swift; path = NetworkError.swift; sourceTree = "<group>"; };
		02CA7835296660A20068606B /* NetworkParams.swift */ = {isa = PBXFileReference; lastKnownFileType = sourcecode.swift; path = NetworkParams.swift; sourceTree = "<group>"; };
		02CA7837296660F60068606B /* NetworkManager.swift */ = {isa = PBXFileReference; lastKnownFileType = sourcecode.swift; path = NetworkManager.swift; sourceTree = "<group>"; };
		02CA7839296661D40068606B /* Session.swift */ = {isa = PBXFileReference; lastKnownFileType = sourcecode.swift; path = Session.swift; sourceTree = "<group>"; };
		02CA783B2966625A0068606B /* DatabaseManager.swift */ = {isa = PBXFileReference; lastKnownFileType = sourcecode.swift; path = DatabaseManager.swift; sourceTree = "<group>"; };
		02CA783F29674A230068606B /* Color.swift */ = {isa = PBXFileReference; lastKnownFileType = sourcecode.swift; path = Color.swift; sourceTree = "<group>"; };
		02CA784129674EDF0068606B /* ImageCache.swift */ = {isa = PBXFileReference; lastKnownFileType = sourcecode.swift; path = ImageCache.swift; sourceTree = "<group>"; };
		02CA78432967579A0068606B /* UIViewExtension.swift */ = {isa = PBXFileReference; lastKnownFileType = sourcecode.swift; path = UIViewExtension.swift; sourceTree = "<group>"; };
		02CA7846296780A20068606B /* PokemonDetailCViewCell.swift */ = {isa = PBXFileReference; lastKnownFileType = sourcecode.swift; path = PokemonDetailCViewCell.swift; sourceTree = "<group>"; };
		3AD792920CA91D0BC975C3F4 /* Pods-PokemonTestXcaret-PokemonTestXcaretUITests.release.xcconfig */ = {isa = PBXFileReference; includeInIndex = 1; lastKnownFileType = text.xcconfig; name = "Pods-PokemonTestXcaret-PokemonTestXcaretUITests.release.xcconfig"; path = "Target Support Files/Pods-PokemonTestXcaret-PokemonTestXcaretUITests/Pods-PokemonTestXcaret-PokemonTestXcaretUITests.release.xcconfig"; sourceTree = "<group>"; };
		4F3C717E1BA4B4E83413F683 /* Pods-PokemonTestXcaretTests.release.xcconfig */ = {isa = PBXFileReference; includeInIndex = 1; lastKnownFileType = text.xcconfig; name = "Pods-PokemonTestXcaretTests.release.xcconfig"; path = "Target Support Files/Pods-PokemonTestXcaretTests/Pods-PokemonTestXcaretTests.release.xcconfig"; sourceTree = "<group>"; };
		5848CF2CC1AD4C8DA3D0922E /* Pods_PokemonTestXcaret.framework */ = {isa = PBXFileReference; explicitFileType = wrapper.framework; includeInIndex = 0; path = Pods_PokemonTestXcaret.framework; sourceTree = BUILT_PRODUCTS_DIR; };
		7D089AB657A7D698198EEB87 /* Pods-PokemonTestXcaret.release.xcconfig */ = {isa = PBXFileReference; includeInIndex = 1; lastKnownFileType = text.xcconfig; name = "Pods-PokemonTestXcaret.release.xcconfig"; path = "Target Support Files/Pods-PokemonTestXcaret/Pods-PokemonTestXcaret.release.xcconfig"; sourceTree = "<group>"; };
		95FBB311C1CB6BE899E9F2FF /* Pods_PokemonTestXcaretTests.framework */ = {isa = PBXFileReference; explicitFileType = wrapper.framework; includeInIndex = 0; path = Pods_PokemonTestXcaretTests.framework; sourceTree = BUILT_PRODUCTS_DIR; };
		A48729FC64BC2A0F784DB04A /* Pods-PokemonTestXcaret-PokemonTestXcaretUITests.debug.xcconfig */ = {isa = PBXFileReference; includeInIndex = 1; lastKnownFileType = text.xcconfig; name = "Pods-PokemonTestXcaret-PokemonTestXcaretUITests.debug.xcconfig"; path = "Target Support Files/Pods-PokemonTestXcaret-PokemonTestXcaretUITests/Pods-PokemonTestXcaret-PokemonTestXcaretUITests.debug.xcconfig"; sourceTree = "<group>"; };
		BE15A8DBB9711B97B671FB49 /* Pods-PokemonTestXcaret.debug.xcconfig */ = {isa = PBXFileReference; includeInIndex = 1; lastKnownFileType = text.xcconfig; name = "Pods-PokemonTestXcaret.debug.xcconfig"; path = "Target Support Files/Pods-PokemonTestXcaret/Pods-PokemonTestXcaret.debug.xcconfig"; sourceTree = "<group>"; };
		E18311CA5AC46B1C17BA3994 /* Pods_PokemonTestXcaret_PokemonTestXcaretUITests.framework */ = {isa = PBXFileReference; explicitFileType = wrapper.framework; includeInIndex = 0; path = Pods_PokemonTestXcaret_PokemonTestXcaretUITests.framework; sourceTree = BUILT_PRODUCTS_DIR; };
		FD7B93EB81E4156749C7E6D7 /* Pods-PokemonTestXcaretTests.debug.xcconfig */ = {isa = PBXFileReference; includeInIndex = 1; lastKnownFileType = text.xcconfig; name = "Pods-PokemonTestXcaretTests.debug.xcconfig"; path = "Target Support Files/Pods-PokemonTestXcaretTests/Pods-PokemonTestXcaretTests.debug.xcconfig"; sourceTree = "<group>"; };
/* End PBXFileReference section */

/* Begin PBXFrameworksBuildPhase section */
		02CA77D52964D42D0068606B /* Frameworks */ = {
			isa = PBXFrameworksBuildPhase;
			buildActionMask = 2147483647;
			files = (
				B7439E7D91BA680B2CA0816C /* Pods_PokemonTestXcaret.framework in Frameworks */,
			);
			runOnlyForDeploymentPostprocessing = 0;
		};
		02CA77EE2964D4300068606B /* Frameworks */ = {
			isa = PBXFrameworksBuildPhase;
			buildActionMask = 2147483647;
			files = (
				6D0BB5DB0324B8A2D1D615AC /* Pods_PokemonTestXcaretTests.framework in Frameworks */,
			);
			runOnlyForDeploymentPostprocessing = 0;
		};
		02CA77F82964D4300068606B /* Frameworks */ = {
			isa = PBXFrameworksBuildPhase;
			buildActionMask = 2147483647;
			files = (
				AB3E8CFD48A93B88BD4FFE8C /* Pods_PokemonTestXcaret_PokemonTestXcaretUITests.framework in Frameworks */,
			);
			runOnlyForDeploymentPostprocessing = 0;
		};
/* End PBXFrameworksBuildPhase section */

/* Begin PBXGroup section */
		02CA77CF2964D42D0068606B = {
			isa = PBXGroup;
			children = (
				02CA77DA2964D42D0068606B /* PokemonTestXcaret */,
				02CA77F42964D4300068606B /* PokemonTestXcaretTests */,
				02CA77FE2964D4300068606B /* PokemonTestXcaretUITests */,
				02CA77D92964D42D0068606B /* Products */,
				EEBDA38A63797C6854BF19E6 /* Pods */,
				A96A426AB04D5485305CA6C9 /* Frameworks */,
			);
			sourceTree = "<group>";
		};
		02CA77D92964D42D0068606B /* Products */ = {
			isa = PBXGroup;
			children = (
				02CA77D82964D42D0068606B /* PokemonTestXcaret.app */,
				02CA77F12964D4300068606B /* PokemonTestXcaretTests.xctest */,
				02CA77FB2964D4300068606B /* PokemonTestXcaretUITests.xctest */,
			);
			name = Products;
			sourceTree = "<group>";
		};
		02CA77DA2964D42D0068606B /* PokemonTestXcaret */ = {
			isa = PBXGroup;
			children = (
				02CA78252964E18F0068606B /* Utilities */,
				02CA780E2964D47B0068606B /* Service */,
				02CA780F2964D4860068606B /* View */,
				02CA78102964D48F0068606B /* ViewModel */,
				02CA78112964D4990068606B /* Model */,
				02CA77DB2964D42D0068606B /* AppDelegate.swift */,
				02CA77DD2964D42E0068606B /* SceneDelegate.swift */,
				02CA77E12964D42E0068606B /* Main.storyboard */,
				02CA77E72964D4300068606B /* Assets.xcassets */,
				02CA77E92964D4300068606B /* LaunchScreen.storyboard */,
				02CA77EC2964D4300068606B /* Info.plist */,
				02CA78172964DB6D0068606B /* GoogleService-Info.plist */,
				02CA77E42964D42E0068606B /* PokemonTestXcaret.xcdatamodeld */,
			);
			path = PokemonTestXcaret;
			sourceTree = "<group>";
		};
		02CA77F42964D4300068606B /* PokemonTestXcaretTests */ = {
			isa = PBXGroup;
			children = (
				02CA77F52964D4300068606B /* PokemonTestXcaretTests.swift */,
			);
			path = PokemonTestXcaretTests;
			sourceTree = "<group>";
		};
		02CA77FE2964D4300068606B /* PokemonTestXcaretUITests */ = {
			isa = PBXGroup;
			children = (
				02CA77FF2964D4300068606B /* PokemonTestXcaretUITests.swift */,
				02CA78012964D4300068606B /* PokemonTestXcaretUITestsLaunchTests.swift */,
			);
			path = PokemonTestXcaretUITests;
			sourceTree = "<group>";
		};
		02CA780E2964D47B0068606B /* Service */ = {
			isa = PBXGroup;
			children = (
				02CA78332966606D0068606B /* NetworkError.swift */,
				02CA7835296660A20068606B /* NetworkParams.swift */,
				02CA7837296660F60068606B /* NetworkManager.swift */,
				02CA7839296661D40068606B /* Session.swift */,
				02CA784129674EDF0068606B /* ImageCache.swift */,
			);
			path = Service;
			sourceTree = "<group>";
		};
		02CA780F2964D4860068606B /* View */ = {
			isa = PBXGroup;
			children = (
				02CA78452967806A0068606B /* DetailPokemon */,
				02CA782E296606A50068606B /* ListPokemon */,
				02CA78142964D7260068606B /* LogIn */,
			);
			path = View;
			sourceTree = "<group>";
		};
		02CA78102964D48F0068606B /* ViewModel */ = {
			isa = PBXGroup;
			children = (
				02CA782C29651D470068606B /* pokemonViewModel.swift */,
				02CA783B2966625A0068606B /* DatabaseManager.swift */,
			);
			path = ViewModel;
			sourceTree = "<group>";
		};
		02CA78112964D4990068606B /* Model */ = {
			isa = PBXGroup;
			children = (
				02CA78122964D54B0068606B /* pokemonPage.swift */,
			);
			path = Model;
			sourceTree = "<group>";
		};
		02CA78142964D7260068606B /* LogIn */ = {
			isa = PBXGroup;
			children = (
				02CA78152964D7BF0068606B /* LogInViewController.swift */,
				02CA782A296518EA0068606B /* SignUpViewController.swift */,
			);
			path = LogIn;
			sourceTree = "<group>";
		};
		02CA78252964E18F0068606B /* Utilities */ = {
			isa = PBXGroup;
			children = (
				02CA78262964E1B90068606B /* HexColor.swift */,
				02CA7828296517C80068606B /* utilities.swift */,
				02CA783F29674A230068606B /* Color.swift */,
				02CA78432967579A0068606B /* UIViewExtension.swift */,
			);
			path = Utilities;
			sourceTree = "<group>";
		};
		02CA782E296606A50068606B /* ListPokemon */ = {
			isa = PBXGroup;
			children = (
				02CA782F296607040068606B /* ListPokemonViewController.swift */,
				02CA783129664A9B0068606B /* ListPokemonViewCell.swift */,
			);
			path = ListPokemon;
			sourceTree = "<group>";
		};
		02CA78452967806A0068606B /* DetailPokemon */ = {
			isa = PBXGroup;
			children = (
				02CA7846296780A20068606B /* PokemonDetailCViewCell.swift */,
				028E0D412967A52D00DBA562 /* DetailViewController.swift */,
			);
			path = DetailPokemon;
			sourceTree = "<group>";
		};
		A96A426AB04D5485305CA6C9 /* Frameworks */ = {
			isa = PBXGroup;
			children = (
				5848CF2CC1AD4C8DA3D0922E /* Pods_PokemonTestXcaret.framework */,
				E18311CA5AC46B1C17BA3994 /* Pods_PokemonTestXcaret_PokemonTestXcaretUITests.framework */,
				95FBB311C1CB6BE899E9F2FF /* Pods_PokemonTestXcaretTests.framework */,
			);
			name = Frameworks;
			sourceTree = "<group>";
		};
		EEBDA38A63797C6854BF19E6 /* Pods */ = {
			isa = PBXGroup;
			children = (
				BE15A8DBB9711B97B671FB49 /* Pods-PokemonTestXcaret.debug.xcconfig */,
				7D089AB657A7D698198EEB87 /* Pods-PokemonTestXcaret.release.xcconfig */,
				A48729FC64BC2A0F784DB04A /* Pods-PokemonTestXcaret-PokemonTestXcaretUITests.debug.xcconfig */,
				3AD792920CA91D0BC975C3F4 /* Pods-PokemonTestXcaret-PokemonTestXcaretUITests.release.xcconfig */,
				FD7B93EB81E4156749C7E6D7 /* Pods-PokemonTestXcaretTests.debug.xcconfig */,
				4F3C717E1BA4B4E83413F683 /* Pods-PokemonTestXcaretTests.release.xcconfig */,
			);
			path = Pods;
			sourceTree = "<group>";
		};
/* End PBXGroup section */

/* Begin PBXNativeTarget section */
		02CA77D72964D42D0068606B /* PokemonTestXcaret */ = {
			isa = PBXNativeTarget;
			buildConfigurationList = 02CA78052964D4300068606B /* Build configuration list for PBXNativeTarget "PokemonTestXcaret" */;
			buildPhases = (
				B4D9BBF43DB4974C96334D18 /* [CP] Check Pods Manifest.lock */,
				02CA77D42964D42D0068606B /* Sources */,
				02CA77D52964D42D0068606B /* Frameworks */,
				02CA77D62964D42D0068606B /* Resources */,
				2E54435C7F827FB5F5B38701 /* [CP] Embed Pods Frameworks */,
			);
			buildRules = (
			);
			dependencies = (
			);
			name = PokemonTestXcaret;
			productName = PokemonTestXcaret;
			productReference = 02CA77D82964D42D0068606B /* PokemonTestXcaret.app */;
			productType = "com.apple.product-type.application";
		};
		02CA77F02964D4300068606B /* PokemonTestXcaretTests */ = {
			isa = PBXNativeTarget;
			buildConfigurationList = 02CA78082964D4300068606B /* Build configuration list for PBXNativeTarget "PokemonTestXcaretTests" */;
			buildPhases = (
				D729579412D3D10B1DDFEB65 /* [CP] Check Pods Manifest.lock */,
				02CA77ED2964D4300068606B /* Sources */,
				02CA77EE2964D4300068606B /* Frameworks */,
				02CA77EF2964D4300068606B /* Resources */,
			);
			buildRules = (
			);
			dependencies = (
				02CA77F32964D4300068606B /* PBXTargetDependency */,
			);
			name = PokemonTestXcaretTests;
			productName = PokemonTestXcaretTests;
			productReference = 02CA77F12964D4300068606B /* PokemonTestXcaretTests.xctest */;
			productType = "com.apple.product-type.bundle.unit-test";
		};
		02CA77FA2964D4300068606B /* PokemonTestXcaretUITests */ = {
			isa = PBXNativeTarget;
			buildConfigurationList = 02CA780B2964D4300068606B /* Build configuration list for PBXNativeTarget "PokemonTestXcaretUITests" */;
			buildPhases = (
				BF435BECF06D01F4200FF72A /* [CP] Check Pods Manifest.lock */,
				02CA77F72964D4300068606B /* Sources */,
				02CA77F82964D4300068606B /* Frameworks */,
				02CA77F92964D4300068606B /* Resources */,
				19079A102576E291F36123E6 /* [CP] Embed Pods Frameworks */,
			);
			buildRules = (
			);
			dependencies = (
				02CA77FD2964D4300068606B /* PBXTargetDependency */,
			);
			name = PokemonTestXcaretUITests;
			productName = PokemonTestXcaretUITests;
			productReference = 02CA77FB2964D4300068606B /* PokemonTestXcaretUITests.xctest */;
			productType = "com.apple.product-type.bundle.ui-testing";
		};
/* End PBXNativeTarget section */

/* Begin PBXProject section */
		02CA77D02964D42D0068606B /* Project object */ = {
			isa = PBXProject;
			attributes = {
				BuildIndependentTargetsInParallel = 1;
				LastSwiftUpdateCheck = 1410;
				LastUpgradeCheck = 1410;
				TargetAttributes = {
					02CA77D72964D42D0068606B = {
						CreatedOnToolsVersion = 14.1;
					};
					02CA77F02964D4300068606B = {
						CreatedOnToolsVersion = 14.1;
						TestTargetID = 02CA77D72964D42D0068606B;
					};
					02CA77FA2964D4300068606B = {
						CreatedOnToolsVersion = 14.1;
						TestTargetID = 02CA77D72964D42D0068606B;
					};
				};
			};
			buildConfigurationList = 02CA77D32964D42D0068606B /* Build configuration list for PBXProject "PokemonTestXcaret" */;
			compatibilityVersion = "Xcode 14.0";
			developmentRegion = en;
			hasScannedForEncodings = 0;
			knownRegions = (
				en,
				Base,
			);
			mainGroup = 02CA77CF2964D42D0068606B;
			productRefGroup = 02CA77D92964D42D0068606B /* Products */;
			projectDirPath = "";
			projectRoot = "";
			targets = (
				02CA77D72964D42D0068606B /* PokemonTestXcaret */,
				02CA77F02964D4300068606B /* PokemonTestXcaretTests */,
				02CA77FA2964D4300068606B /* PokemonTestXcaretUITests */,
			);
		};
/* End PBXProject section */

/* Begin PBXResourcesBuildPhase section */
		02CA77D62964D42D0068606B /* Resources */ = {
			isa = PBXResourcesBuildPhase;
			buildActionMask = 2147483647;
			files = (
				02CA77EB2964D4300068606B /* LaunchScreen.storyboard in Resources */,
				02CA78182964DB6D0068606B /* GoogleService-Info.plist in Resources */,
				02CA77E82964D4300068606B /* Assets.xcassets in Resources */,
				02CA77E32964D42E0068606B /* Main.storyboard in Resources */,
			);
			runOnlyForDeploymentPostprocessing = 0;
		};
		02CA77EF2964D4300068606B /* Resources */ = {
			isa = PBXResourcesBuildPhase;
			buildActionMask = 2147483647;
			files = (
			);
			runOnlyForDeploymentPostprocessing = 0;
		};
		02CA77F92964D4300068606B /* Resources */ = {
			isa = PBXResourcesBuildPhase;
			buildActionMask = 2147483647;
			files = (
			);
			runOnlyForDeploymentPostprocessing = 0;
		};
/* End PBXResourcesBuildPhase section */

/* Begin PBXShellScriptBuildPhase section */
		19079A102576E291F36123E6 /* [CP] Embed Pods Frameworks */ = {
			isa = PBXShellScriptBuildPhase;
			buildActionMask = 2147483647;
			files = (
			);
			inputFileListPaths = (
				"${PODS_ROOT}/Target Support Files/Pods-PokemonTestXcaret-PokemonTestXcaretUITests/Pods-PokemonTestXcaret-PokemonTestXcaretUITests-frameworks-${CONFIGURATION}-input-files.xcfilelist",
			);
			name = "[CP] Embed Pods Frameworks";
			outputFileListPaths = (
				"${PODS_ROOT}/Target Support Files/Pods-PokemonTestXcaret-PokemonTestXcaretUITests/Pods-PokemonTestXcaret-PokemonTestXcaretUITests-frameworks-${CONFIGURATION}-output-files.xcfilelist",
			);
			runOnlyForDeploymentPostprocessing = 0;
			shellPath = /bin/sh;
			shellScript = "\"${PODS_ROOT}/Target Support Files/Pods-PokemonTestXcaret-PokemonTestXcaretUITests/Pods-PokemonTestXcaret-PokemonTestXcaretUITests-frameworks.sh\"\n";
			showEnvVarsInLog = 0;
		};
		2E54435C7F827FB5F5B38701 /* [CP] Embed Pods Frameworks */ = {
			isa = PBXShellScriptBuildPhase;
			buildActionMask = 2147483647;
			files = (
			);
			inputFileListPaths = (
				"${PODS_ROOT}/Target Support Files/Pods-PokemonTestXcaret/Pods-PokemonTestXcaret-frameworks-${CONFIGURATION}-input-files.xcfilelist",
			);
			name = "[CP] Embed Pods Frameworks";
			outputFileListPaths = (
				"${PODS_ROOT}/Target Support Files/Pods-PokemonTestXcaret/Pods-PokemonTestXcaret-frameworks-${CONFIGURATION}-output-files.xcfilelist",
			);
			runOnlyForDeploymentPostprocessing = 0;
			shellPath = /bin/sh;
			shellScript = "\"${PODS_ROOT}/Target Support Files/Pods-PokemonTestXcaret/Pods-PokemonTestXcaret-frameworks.sh\"\n";
			showEnvVarsInLog = 0;
		};
		B4D9BBF43DB4974C96334D18 /* [CP] Check Pods Manifest.lock */ = {
			isa = PBXShellScriptBuildPhase;
			buildActionMask = 2147483647;
			files = (
			);
			inputFileListPaths = (
			);
			inputPaths = (
				"${PODS_PODFILE_DIR_PATH}/Podfile.lock",
				"${PODS_ROOT}/Manifest.lock",
			);
			name = "[CP] Check Pods Manifest.lock";
			outputFileListPaths = (
			);
			outputPaths = (
				"$(DERIVED_FILE_DIR)/Pods-PokemonTestXcaret-checkManifestLockResult.txt",
			);
			runOnlyForDeploymentPostprocessing = 0;
			shellPath = /bin/sh;
			shellScript = "diff \"${PODS_PODFILE_DIR_PATH}/Podfile.lock\" \"${PODS_ROOT}/Manifest.lock\" > /dev/null\nif [ $? != 0 ] ; then\n    # print error to STDERR\n    echo \"error: The sandbox is not in sync with the Podfile.lock. Run 'pod install' or update your CocoaPods installation.\" >&2\n    exit 1\nfi\n# This output is used by Xcode 'outputs' to avoid re-running this script phase.\necho \"SUCCESS\" > \"${SCRIPT_OUTPUT_FILE_0}\"\n";
			showEnvVarsInLog = 0;
		};
		BF435BECF06D01F4200FF72A /* [CP] Check Pods Manifest.lock */ = {
			isa = PBXShellScriptBuildPhase;
			buildActionMask = 2147483647;
			files = (
			);
			inputFileListPaths = (
			);
			inputPaths = (
				"${PODS_PODFILE_DIR_PATH}/Podfile.lock",
				"${PODS_ROOT}/Manifest.lock",
			);
			name = "[CP] Check Pods Manifest.lock";
			outputFileListPaths = (
			);
			outputPaths = (
				"$(DERIVED_FILE_DIR)/Pods-PokemonTestXcaret-PokemonTestXcaretUITests-checkManifestLockResult.txt",
			);
			runOnlyForDeploymentPostprocessing = 0;
			shellPath = /bin/sh;
			shellScript = "diff \"${PODS_PODFILE_DIR_PATH}/Podfile.lock\" \"${PODS_ROOT}/Manifest.lock\" > /dev/null\nif [ $? != 0 ] ; then\n    # print error to STDERR\n    echo \"error: The sandbox is not in sync with the Podfile.lock. Run 'pod install' or update your CocoaPods installation.\" >&2\n    exit 1\nfi\n# This output is used by Xcode 'outputs' to avoid re-running this script phase.\necho \"SUCCESS\" > \"${SCRIPT_OUTPUT_FILE_0}\"\n";
			showEnvVarsInLog = 0;
		};
		D729579412D3D10B1DDFEB65 /* [CP] Check Pods Manifest.lock */ = {
			isa = PBXShellScriptBuildPhase;
			buildActionMask = 2147483647;
			files = (
			);
			inputFileListPaths = (
			);
			inputPaths = (
				"${PODS_PODFILE_DIR_PATH}/Podfile.lock",
				"${PODS_ROOT}/Manifest.lock",
			);
			name = "[CP] Check Pods Manifest.lock";
			outputFileListPaths = (
			);
			outputPaths = (
				"$(DERIVED_FILE_DIR)/Pods-PokemonTestXcaretTests-checkManifestLockResult.txt",
			);
			runOnlyForDeploymentPostprocessing = 0;
			shellPath = /bin/sh;
			shellScript = "diff \"${PODS_PODFILE_DIR_PATH}/Podfile.lock\" \"${PODS_ROOT}/Manifest.lock\" > /dev/null\nif [ $? != 0 ] ; then\n    # print error to STDERR\n    echo \"error: The sandbox is not in sync with the Podfile.lock. Run 'pod install' or update your CocoaPods installation.\" >&2\n    exit 1\nfi\n# This output is used by Xcode 'outputs' to avoid re-running this script phase.\necho \"SUCCESS\" > \"${SCRIPT_OUTPUT_FILE_0}\"\n";
			showEnvVarsInLog = 0;
		};
/* End PBXShellScriptBuildPhase section */

/* Begin PBXSourcesBuildPhase section */
		02CA77D42964D42D0068606B /* Sources */ = {
			isa = PBXSourcesBuildPhase;
			buildActionMask = 2147483647;
			files = (
				02CA783C2966625A0068606B /* DatabaseManager.swift in Sources */,
				02CA77DC2964D42D0068606B /* AppDelegate.swift in Sources */,
				02CA7829296517C80068606B /* utilities.swift in Sources */,
				02CA782D29651D470068606B /* pokemonViewModel.swift in Sources */,
				02CA784029674A230068606B /* Color.swift in Sources */,
				02CA782B296518EA0068606B /* SignUpViewController.swift in Sources */,
				028E0D422967A52D00DBA562 /* DetailViewController.swift in Sources */,
				02CA783229664A9B0068606B /* ListPokemonViewCell.swift in Sources */,
				02CA783A296661D40068606B /* Session.swift in Sources */,
				02CA78272964E1B90068606B /* HexColor.swift in Sources */,
				02CA7847296780A20068606B /* PokemonDetailCViewCell.swift in Sources */,
				02CA78162964D7BF0068606B /* LogInViewController.swift in Sources */,
				02CA7830296607040068606B /* ListPokemonViewController.swift in Sources */,
				02CA77E62964D42E0068606B /* PokemonTestXcaret.xcdatamodeld in Sources */,
				02CA784229674EDF0068606B /* ImageCache.swift in Sources */,
				02CA78442967579A0068606B /* UIViewExtension.swift in Sources */,
				02CA78342966606D0068606B /* NetworkError.swift in Sources */,
				02CA7838296660F60068606B /* NetworkManager.swift in Sources */,
				02CA78132964D54B0068606B /* pokemonPage.swift in Sources */,
				02CA77DE2964D42E0068606B /* SceneDelegate.swift in Sources */,
				02CA7836296660A20068606B /* NetworkParams.swift in Sources */,
			);
			runOnlyForDeploymentPostprocessing = 0;
		};
		02CA77ED2964D4300068606B /* Sources */ = {
			isa = PBXSourcesBuildPhase;
			buildActionMask = 2147483647;
			files = (
				02CA77F62964D4300068606B /* PokemonTestXcaretTests.swift in Sources */,
			);
			runOnlyForDeploymentPostprocessing = 0;
		};
		02CA77F72964D4300068606B /* Sources */ = {
			isa = PBXSourcesBuildPhase;
			buildActionMask = 2147483647;
			files = (
				02CA78002964D4300068606B /* PokemonTestXcaretUITests.swift in Sources */,
				02CA78022964D4300068606B /* PokemonTestXcaretUITestsLaunchTests.swift in Sources */,
			);
			runOnlyForDeploymentPostprocessing = 0;
		};
/* End PBXSourcesBuildPhase section */

/* Begin PBXTargetDependency section */
		02CA77F32964D4300068606B /* PBXTargetDependency */ = {
			isa = PBXTargetDependency;
			target = 02CA77D72964D42D0068606B /* PokemonTestXcaret */;
			targetProxy = 02CA77F22964D4300068606B /* PBXContainerItemProxy */;
		};
		02CA77FD2964D4300068606B /* PBXTargetDependency */ = {
			isa = PBXTargetDependency;
			target = 02CA77D72964D42D0068606B /* PokemonTestXcaret */;
			targetProxy = 02CA77FC2964D4300068606B /* PBXContainerItemProxy */;
		};
/* End PBXTargetDependency section */

/* Begin PBXVariantGroup section */
		02CA77E12964D42E0068606B /* Main.storyboard */ = {
			isa = PBXVariantGroup;
			children = (
				02CA77E22964D42E0068606B /* Base */,
			);
			name = Main.storyboard;
			sourceTree = "<group>";
		};
		02CA77E92964D4300068606B /* LaunchScreen.storyboard */ = {
			isa = PBXVariantGroup;
			children = (
				02CA77EA2964D4300068606B /* Base */,
			);
			name = LaunchScreen.storyboard;
			sourceTree = "<group>";
		};
/* End PBXVariantGroup section */

/* Begin XCBuildConfiguration section */
		02CA78032964D4300068606B /* Debug */ = {
			isa = XCBuildConfiguration;
			buildSettings = {
				ALWAYS_SEARCH_USER_PATHS = NO;
				CLANG_ANALYZER_NONNULL = YES;
				CLANG_ANALYZER_NUMBER_OBJECT_CONVERSION = YES_AGGRESSIVE;
				CLANG_CXX_LANGUAGE_STANDARD = "gnu++20";
				CLANG_ENABLE_MODULES = YES;
				CLANG_ENABLE_OBJC_ARC = YES;
				CLANG_ENABLE_OBJC_WEAK = YES;
				CLANG_WARN_BLOCK_CAPTURE_AUTORELEASING = YES;
				CLANG_WARN_BOOL_CONVERSION = YES;
				CLANG_WARN_COMMA = YES;
				CLANG_WARN_CONSTANT_CONVERSION = YES;
				CLANG_WARN_DEPRECATED_OBJC_IMPLEMENTATIONS = YES;
				CLANG_WARN_DIRECT_OBJC_ISA_USAGE = YES_ERROR;
				CLANG_WARN_DOCUMENTATION_COMMENTS = YES;
				CLANG_WARN_EMPTY_BODY = YES;
				CLANG_WARN_ENUM_CONVERSION = YES;
				CLANG_WARN_INFINITE_RECURSION = YES;
				CLANG_WARN_INT_CONVERSION = YES;
				CLANG_WARN_NON_LITERAL_NULL_CONVERSION = YES;
				CLANG_WARN_OBJC_IMPLICIT_RETAIN_SELF = YES;
				CLANG_WARN_OBJC_LITERAL_CONVERSION = YES;
				CLANG_WARN_OBJC_ROOT_CLASS = YES_ERROR;
				CLANG_WARN_QUOTED_INCLUDE_IN_FRAMEWORK_HEADER = YES;
				CLANG_WARN_RANGE_LOOP_ANALYSIS = YES;
				CLANG_WARN_STRICT_PROTOTYPES = YES;
				CLANG_WARN_SUSPICIOUS_MOVE = YES;
				CLANG_WARN_UNGUARDED_AVAILABILITY = YES_AGGRESSIVE;
				CLANG_WARN_UNREACHABLE_CODE = YES;
				CLANG_WARN__DUPLICATE_METHOD_MATCH = YES;
				COPY_PHASE_STRIP = NO;
				DEBUG_INFORMATION_FORMAT = dwarf;
				ENABLE_STRICT_OBJC_MSGSEND = YES;
				ENABLE_TESTABILITY = YES;
				GCC_C_LANGUAGE_STANDARD = gnu11;
				GCC_DYNAMIC_NO_PIC = NO;
				GCC_NO_COMMON_BLOCKS = YES;
				GCC_OPTIMIZATION_LEVEL = 0;
				GCC_PREPROCESSOR_DEFINITIONS = (
					"DEBUG=1",
					"$(inherited)",
				);
				GCC_WARN_64_TO_32_BIT_CONVERSION = YES;
				GCC_WARN_ABOUT_RETURN_TYPE = YES_ERROR;
				GCC_WARN_UNDECLARED_SELECTOR = YES;
				GCC_WARN_UNINITIALIZED_AUTOS = YES_AGGRESSIVE;
				GCC_WARN_UNUSED_FUNCTION = YES;
				GCC_WARN_UNUSED_VARIABLE = YES;
				IPHONEOS_DEPLOYMENT_TARGET = 16.1;
				MTL_ENABLE_DEBUG_INFO = INCLUDE_SOURCE;
				MTL_FAST_MATH = YES;
				ONLY_ACTIVE_ARCH = YES;
				SDKROOT = iphoneos;
				SWIFT_ACTIVE_COMPILATION_CONDITIONS = DEBUG;
				SWIFT_OPTIMIZATION_LEVEL = "-Onone";
			};
			name = Debug;
		};
		02CA78042964D4300068606B /* Release */ = {
			isa = XCBuildConfiguration;
			buildSettings = {
				ALWAYS_SEARCH_USER_PATHS = NO;
				CLANG_ANALYZER_NONNULL = YES;
				CLANG_ANALYZER_NUMBER_OBJECT_CONVERSION = YES_AGGRESSIVE;
				CLANG_CXX_LANGUAGE_STANDARD = "gnu++20";
				CLANG_ENABLE_MODULES = YES;
				CLANG_ENABLE_OBJC_ARC = YES;
				CLANG_ENABLE_OBJC_WEAK = YES;
				CLANG_WARN_BLOCK_CAPTURE_AUTORELEASING = YES;
				CLANG_WARN_BOOL_CONVERSION = YES;
				CLANG_WARN_COMMA = YES;
				CLANG_WARN_CONSTANT_CONVERSION = YES;
				CLANG_WARN_DEPRECATED_OBJC_IMPLEMENTATIONS = YES;
				CLANG_WARN_DIRECT_OBJC_ISA_USAGE = YES_ERROR;
				CLANG_WARN_DOCUMENTATION_COMMENTS = YES;
				CLANG_WARN_EMPTY_BODY = YES;
				CLANG_WARN_ENUM_CONVERSION = YES;
				CLANG_WARN_INFINITE_RECURSION = YES;
				CLANG_WARN_INT_CONVERSION = YES;
				CLANG_WARN_NON_LITERAL_NULL_CONVERSION = YES;
				CLANG_WARN_OBJC_IMPLICIT_RETAIN_SELF = YES;
				CLANG_WARN_OBJC_LITERAL_CONVERSION = YES;
				CLANG_WARN_OBJC_ROOT_CLASS = YES_ERROR;
				CLANG_WARN_QUOTED_INCLUDE_IN_FRAMEWORK_HEADER = YES;
				CLANG_WARN_RANGE_LOOP_ANALYSIS = YES;
				CLANG_WARN_STRICT_PROTOTYPES = YES;
				CLANG_WARN_SUSPICIOUS_MOVE = YES;
				CLANG_WARN_UNGUARDED_AVAILABILITY = YES_AGGRESSIVE;
				CLANG_WARN_UNREACHABLE_CODE = YES;
				CLANG_WARN__DUPLICATE_METHOD_MATCH = YES;
				COPY_PHASE_STRIP = NO;
				DEBUG_INFORMATION_FORMAT = "dwarf-with-dsym";
				ENABLE_NS_ASSERTIONS = NO;
				ENABLE_STRICT_OBJC_MSGSEND = YES;
				GCC_C_LANGUAGE_STANDARD = gnu11;
				GCC_NO_COMMON_BLOCKS = YES;
				GCC_WARN_64_TO_32_BIT_CONVERSION = YES;
				GCC_WARN_ABOUT_RETURN_TYPE = YES_ERROR;
				GCC_WARN_UNDECLARED_SELECTOR = YES;
				GCC_WARN_UNINITIALIZED_AUTOS = YES_AGGRESSIVE;
				GCC_WARN_UNUSED_FUNCTION = YES;
				GCC_WARN_UNUSED_VARIABLE = YES;
				IPHONEOS_DEPLOYMENT_TARGET = 16.1;
				MTL_ENABLE_DEBUG_INFO = NO;
				MTL_FAST_MATH = YES;
				SDKROOT = iphoneos;
				SWIFT_COMPILATION_MODE = wholemodule;
				SWIFT_OPTIMIZATION_LEVEL = "-O";
				VALIDATE_PRODUCT = YES;
			};
			name = Release;
		};
		02CA78062964D4300068606B /* Debug */ = {
			isa = XCBuildConfiguration;
			baseConfigurationReference = BE15A8DBB9711B97B671FB49 /* Pods-PokemonTestXcaret.debug.xcconfig */;
			buildSettings = {
				ASSETCATALOG_COMPILER_APPICON_NAME = AppIcon;
				ASSETCATALOG_COMPILER_GLOBAL_ACCENT_COLOR_NAME = AccentColor;
				CODE_SIGN_STYLE = Automatic;
				CURRENT_PROJECT_VERSION = 1;
				DEVELOPMENT_TEAM = GGH4H4Q73N;
				GENERATE_INFOPLIST_FILE = YES;
				INFOPLIST_FILE = PokemonTestXcaret/Info.plist;
				INFOPLIST_KEY_UIApplicationSupportsIndirectInputEvents = YES;
				INFOPLIST_KEY_UILaunchStoryboardName = LaunchScreen;
				INFOPLIST_KEY_UIMainStoryboardFile = Main;
				INFOPLIST_KEY_UISupportedInterfaceOrientations_iPad = "UIInterfaceOrientationPortrait UIInterfaceOrientationPortraitUpsideDown UIInterfaceOrientationLandscapeLeft UIInterfaceOrientationLandscapeRight";
				INFOPLIST_KEY_UISupportedInterfaceOrientations_iPhone = "UIInterfaceOrientationPortrait UIInterfaceOrientationLandscapeLeft UIInterfaceOrientationLandscapeRight";
				LD_RUNPATH_SEARCH_PATHS = (
					"$(inherited)",
					"@executable_path/Frameworks",
				);
				MARKETING_VERSION = 1.0;
				PRODUCT_BUNDLE_IDENTIFIER = com.cynthia.verdiales.apple.demo.PokemonTestXcaret;
				PRODUCT_NAME = "$(TARGET_NAME)";
				SWIFT_EMIT_LOC_STRINGS = YES;
				SWIFT_VERSION = 5.0;
				TARGETED_DEVICE_FAMILY = "1,2";
			};
			name = Debug;
		};
		02CA78072964D4300068606B /* Release */ = {
			isa = XCBuildConfiguration;
			baseConfigurationReference = 7D089AB657A7D698198EEB87 /* Pods-PokemonTestXcaret.release.xcconfig */;
			buildSettings = {
				ASSETCATALOG_COMPILER_APPICON_NAME = AppIcon;
				ASSETCATALOG_COMPILER_GLOBAL_ACCENT_COLOR_NAME = AccentColor;
				CODE_SIGN_STYLE = Automatic;
				CURRENT_PROJECT_VERSION = 1;
				DEVELOPMENT_TEAM = GGH4H4Q73N;
				GENERATE_INFOPLIST_FILE = YES;
				INFOPLIST_FILE = PokemonTestXcaret/Info.plist;
				INFOPLIST_KEY_UIApplicationSupportsIndirectInputEvents = YES;
				INFOPLIST_KEY_UILaunchStoryboardName = LaunchScreen;
				INFOPLIST_KEY_UIMainStoryboardFile = Main;
				INFOPLIST_KEY_UISupportedInterfaceOrientations_iPad = "UIInterfaceOrientationPortrait UIInterfaceOrientationPortraitUpsideDown UIInterfaceOrientationLandscapeLeft UIInterfaceOrientationLandscapeRight";
				INFOPLIST_KEY_UISupportedInterfaceOrientations_iPhone = "UIInterfaceOrientationPortrait UIInterfaceOrientationLandscapeLeft UIInterfaceOrientationLandscapeRight";
				LD_RUNPATH_SEARCH_PATHS = (
					"$(inherited)",
					"@executable_path/Frameworks",
				);
				MARKETING_VERSION = 1.0;
				PRODUCT_BUNDLE_IDENTIFIER = com.cynthia.verdiales.apple.demo.PokemonTestXcaret;
				PRODUCT_NAME = "$(TARGET_NAME)";
				SWIFT_EMIT_LOC_STRINGS = YES;
				SWIFT_VERSION = 5.0;
				TARGETED_DEVICE_FAMILY = "1,2";
			};
			name = Release;
		};
		02CA78092964D4300068606B /* Debug */ = {
			isa = XCBuildConfiguration;
			baseConfigurationReference = FD7B93EB81E4156749C7E6D7 /* Pods-PokemonTestXcaretTests.debug.xcconfig */;
			buildSettings = {
				ALWAYS_EMBED_SWIFT_STANDARD_LIBRARIES = YES;
				BUNDLE_LOADER = "$(TEST_HOST)";
				CODE_SIGN_STYLE = Automatic;
				CURRENT_PROJECT_VERSION = 1;
				DEVELOPMENT_TEAM = GGH4H4Q73N;
				GENERATE_INFOPLIST_FILE = YES;
				IPHONEOS_DEPLOYMENT_TARGET = 16.1;
				MARKETING_VERSION = 1.0;
				PRODUCT_BUNDLE_IDENTIFIER = com.cynthia.verdiales.apple.demo.PokemonTestXcaretTests;
				PRODUCT_NAME = "$(TARGET_NAME)";
				SWIFT_EMIT_LOC_STRINGS = NO;
				SWIFT_VERSION = 5.0;
				TARGETED_DEVICE_FAMILY = "1,2";
				TEST_HOST = "$(BUILT_PRODUCTS_DIR)/PokemonTestXcaret.app/$(BUNDLE_EXECUTABLE_FOLDER_PATH)/PokemonTestXcaret";
			};
			name = Debug;
		};
		02CA780A2964D4300068606B /* Release */ = {
			isa = XCBuildConfiguration;
			baseConfigurationReference = 4F3C717E1BA4B4E83413F683 /* Pods-PokemonTestXcaretTests.release.xcconfig */;
			buildSettings = {
				ALWAYS_EMBED_SWIFT_STANDARD_LIBRARIES = YES;
				BUNDLE_LOADER = "$(TEST_HOST)";
				CODE_SIGN_STYLE = Automatic;
				CURRENT_PROJECT_VERSION = 1;
				DEVELOPMENT_TEAM = GGH4H4Q73N;
				GENERATE_INFOPLIST_FILE = YES;
				IPHONEOS_DEPLOYMENT_TARGET = 16.1;
				MARKETING_VERSION = 1.0;
				PRODUCT_BUNDLE_IDENTIFIER = com.cynthia.verdiales.apple.demo.PokemonTestXcaretTests;
				PRODUCT_NAME = "$(TARGET_NAME)";
				SWIFT_EMIT_LOC_STRINGS = NO;
				SWIFT_VERSION = 5.0;
				TARGETED_DEVICE_FAMILY = "1,2";
				TEST_HOST = "$(BUILT_PRODUCTS_DIR)/PokemonTestXcaret.app/$(BUNDLE_EXECUTABLE_FOLDER_PATH)/PokemonTestXcaret";
			};
			name = Release;
		};
		02CA780C2964D4300068606B /* Debug */ = {
			isa = XCBuildConfiguration;
			baseConfigurationReference = A48729FC64BC2A0F784DB04A /* Pods-PokemonTestXcaret-PokemonTestXcaretUITests.debug.xcconfig */;
			buildSettings = {
				ALWAYS_EMBED_SWIFT_STANDARD_LIBRARIES = YES;
				CODE_SIGN_STYLE = Automatic;
				CURRENT_PROJECT_VERSION = 1;
				DEVELOPMENT_TEAM = GGH4H4Q73N;
				GENERATE_INFOPLIST_FILE = YES;
				MARKETING_VERSION = 1.0;
				PRODUCT_BUNDLE_IDENTIFIER = com.cynthia.verdiales.apple.demo.PokemonTestXcaretUITests;
				PRODUCT_NAME = "$(TARGET_NAME)";
				SWIFT_EMIT_LOC_STRINGS = NO;
				SWIFT_VERSION = 5.0;
				TARGETED_DEVICE_FAMILY = "1,2";
				TEST_TARGET_NAME = PokemonTestXcaret;
			};
			name = Debug;
		};
		02CA780D2964D4300068606B /* Release */ = {
			isa = XCBuildConfiguration;
			baseConfigurationReference = 3AD792920CA91D0BC975C3F4 /* Pods-PokemonTestXcaret-PokemonTestXcaretUITests.release.xcconfig */;
			buildSettings = {
				ALWAYS_EMBED_SWIFT_STANDARD_LIBRARIES = YES;
				CODE_SIGN_STYLE = Automatic;
				CURRENT_PROJECT_VERSION = 1;
				DEVELOPMENT_TEAM = GGH4H4Q73N;
				GENERATE_INFOPLIST_FILE = YES;
				MARKETING_VERSION = 1.0;
				PRODUCT_BUNDLE_IDENTIFIER = com.cynthia.verdiales.apple.demo.PokemonTestXcaretUITests;
				PRODUCT_NAME = "$(TARGET_NAME)";
				SWIFT_EMIT_LOC_STRINGS = NO;
				SWIFT_VERSION = 5.0;
				TARGETED_DEVICE_FAMILY = "1,2";
				TEST_TARGET_NAME = PokemonTestXcaret;
			};
			name = Release;
		};
/* End XCBuildConfiguration section */

/* Begin XCConfigurationList section */
		02CA77D32964D42D0068606B /* Build configuration list for PBXProject "PokemonTestXcaret" */ = {
			isa = XCConfigurationList;
			buildConfigurations = (
				02CA78032964D4300068606B /* Debug */,
				02CA78042964D4300068606B /* Release */,
			);
			defaultConfigurationIsVisible = 0;
			defaultConfigurationName = Release;
		};
		02CA78052964D4300068606B /* Build configuration list for PBXNativeTarget "PokemonTestXcaret" */ = {
			isa = XCConfigurationList;
			buildConfigurations = (
				02CA78062964D4300068606B /* Debug */,
				02CA78072964D4300068606B /* Release */,
			);
			defaultConfigurationIsVisible = 0;
			defaultConfigurationName = Release;
		};
		02CA78082964D4300068606B /* Build configuration list for PBXNativeTarget "PokemonTestXcaretTests" */ = {
			isa = XCConfigurationList;
			buildConfigurations = (
				02CA78092964D4300068606B /* Debug */,
				02CA780A2964D4300068606B /* Release */,
			);
			defaultConfigurationIsVisible = 0;
			defaultConfigurationName = Release;
		};
		02CA780B2964D4300068606B /* Build configuration list for PBXNativeTarget "PokemonTestXcaretUITests" */ = {
			isa = XCConfigurationList;
			buildConfigurations = (
				02CA780C2964D4300068606B /* Debug */,
				02CA780D2964D4300068606B /* Release */,
			);
			defaultConfigurationIsVisible = 0;
			defaultConfigurationName = Release;
		};
/* End XCConfigurationList section */

/* Begin XCVersionGroup section */
		02CA77E42964D42E0068606B /* PokemonTestXcaret.xcdatamodeld */ = {
			isa = XCVersionGroup;
			children = (
				02CA77E52964D42E0068606B /* PokemonTestXcaret.xcdatamodel */,
			);
			currentVersion = 02CA77E52964D42E0068606B /* PokemonTestXcaret.xcdatamodel */;
			path = PokemonTestXcaret.xcdatamodeld;
			sourceTree = "<group>";
			versionGroupType = wrapper.xcdatamodel;
		};
/* End XCVersionGroup section */
	};
	rootObject = 02CA77D02964D42D0068606B /* Project object */;
}
